
Microsoft Visual Studio Solution File, Format Version 12.00
# Visual Studio Version 17
VisualStudioVersion = 17.5.33502.453
MinimumVisualStudioVersion = 10.0.40219.1
Project("{FAE04EC0-301F-11D3-BF4B-00C04F79EFBC}") = "MyFirstCore", "MyFirstCore\MyFirstCore.csproj", "{9C92D0D4-8EF9-47C9-927F-2E86AC6B2523}"
EndProject
Global
	GlobalSection(SolutionConfigurationPlatforms) = preSolution
		Debug|Any CPU = Debug|Any CPU
		Release|Any CPU = Release|Any CPU
	EndGlobalSection
	GlobalSection(ProjectConfigurationPlatforms) = postSolution
		{9C92D0D4-8EF9-47C9-927F-2E86AC6B2523}.Debug|Any CPU.ActiveCfg = Debug|Any CPU
		{9C92D0D4-8EF9-47C9-927F-2E86AC6B2523}.Debug|Any CPU.Build.0 = Debug|Any CPU
		{9C92D0D4-8EF9-47C9-927F-2E86AC6B2523}.Release|Any CPU.ActiveCfg = Release|Any CPU
		{9C92D0D4-8EF9-47C9-927F-2E86AC6B2523}.Release|Any CPU.Build.0 = Release|Any CPU
	EndGlobalSection
	GlobalSection(SolutionProperties) = preSolution
		HideSolutionNode = FALSE
	EndGlobalSection
	GlobalSection(ExtensibilityGlobals) = postSolution
		SolutionGuid = {41DAA7C1-710C-4AD5-9148-14E6ED8A6DDA}
	EndGlobalSection
EndGlobal
